<?xml version="1.0" encoding="utf-8"?>
<Project ToolsVersion="4.0" xmlns="http://schemas.microsoft.com/developer/msbuild/2003">
  <ItemGroup>
    <Filter Include="Source Files">
      <UniqueIdentifier>{4FC737F1-C7A5-4376-A066-2A32D752A2FF}</UniqueIdentifier>
      <Extensions>cpp;c;cc;cxx;c++;cppm;ixx;def;odl;idl;hpj;bat;asm;asmx</Extensions>
    </Filter>
    <Filter Include="Header Files">
      <UniqueIdentifier>{93995380-89BD-4b04-88EB-625FBE52EBFB}</UniqueIdentifier>
      <Extensions>h;hh;hpp;hxx;h++;hm;inl;inc;ipp;xsd</Extensions>
    </Filter>
    <Filter Include="Resource Files">
      <UniqueIdentifier>{67DA6AB6-F800-4c08-8B7A-83BB121AAD01}</UniqueIdentifier>
      <Extensions>rc;ico;cur;bmp;dlg;rc2;rct;bin;rgs;gif;jpg;jpeg;jpe;resx;tiff;tif;png;wav;mfcribbon-ms</Extensions>
    </Filter>
    <Filter Include="Resource Files\levels">
      <UniqueIdentifier>{d45657d0-1805-40d3-ba23-f45dac821004}</UniqueIdentifier>
    </Filter>
    <Filter Include="Resource Files\shaders">
      <UniqueIdentifier>{6640c0c9-407c-4ee4-b896-39bd8e48a8b6}</UniqueIdentifier>
    </Filter>
    <Filter Include="Source Files\gl">
      <UniqueIdentifier>{2e0bedea-7ec1-485c-9d6c-bf3ab30dd8f2}</UniqueIdentifier>
    </Filter>
    <Filter Include="Source Files\input">
      <UniqueIdentifier>{c0089a2e-3cf9-424f-b2b7-dbaa386be410}</UniqueIdentifier>
    </Filter>
    <Filter Include="Source Files\game">
      <UniqueIdentifier>{d11dec77-1efe-411f-9692-2e7af1a627a1}</UniqueIdentifier>
    </Filter>
    <Filter Include="Header Files\game">
      <UniqueIdentifier>{bc7e4c2d-71f9-4ee2-864c-935d92792463}</UniqueIdentifier>
    </Filter>
    <Filter Include="Header Files\input">
      <UniqueIdentifier>{91b93ceb-2e93-4e07-85de-a514591d3b19}</UniqueIdentifier>
    </Filter>
    <Filter Include="Header Files\gl">
      <UniqueIdentifier>{6b1e4f5a-5f0b-4ea9-bb42-bcf0900a50f0}</UniqueIdentifier>
    </Filter>
  </ItemGroup>
  <ItemGroup>
    <Image Include="res\sprites.png">
      <Filter>Resource Files</Filter>
    </Image>
  </ItemGroup>
  <ItemGroup>
    <Text Include="res\levels\0.lvl">
      <Filter>Resource Files\levels</Filter>
    </Text>
  </ItemGroup>
  <ItemGroup>
    <None Include="res\shaders\block.frag">
      <Filter>Resource Files\shaders</Filter>
    </None>
    <None Include="res\shaders\block.vert">
      <Filter>Resource Files\shaders</Filter>
    </None>
  </ItemGroup>
  <ItemGroup>
    <ClCompile Include="src\main.cpp">
      <Filter>Source Files</Filter>
    </ClCompile>
    <ClCompile Include="src\window.cpp">
      <Filter>Source Files</Filter>
    </ClCompile>
    <ClCompile Include="src\input\keyboard.cpp">
      <Filter>Source Files\input</Filter>
    </ClCompile>
    <ClCompile Include="src\gl\texture.cpp">
      <Filter>Source Files\gl</Filter>
    </ClCompile>
    <ClCompile Include="src\gl\vertex_array.cpp">
      <Filter>Source Files\gl</Filter>
    </ClCompile>
    <ClCompile Include="src\gl\camera.cpp">
      <Filter>Source Files\gl</Filter>
    </ClCompile>
    <ClCompile Include="src\gl\shader.cpp">
      <Filter>Source Files\gl</Filter>
    </ClCompile>
    <ClCompile Include="src\gl\glad.c">
      <Filter>Header Files\gl</Filter>
    </ClCompile>
    <ClCompile Include="src\math.cpp">
      <Filter>Source Files</Filter>
    </ClCompile>
    <ClCompile Include="src\game\entity.cpp">
      <Filter>Source Files\game</Filter>
    </ClCompile>
    <ClCompile Include="src\game\level.cpp">
      <Filter>Source Files\game</Filter>
    </ClCompile>
    <ClCompile Include="src\game\tile_data.cpp">
      <Filter>Source Files\game</Filter>
    </ClCompile>
    <ClCompile Include="src\game\mesh.cpp">
      <Filter>Source Files\game</Filter>
    </ClCompile>
    <ClCompile Include="src\game\level_builder.cpp">
      <Filter>Source Files\game</Filter>
    </ClCompile>
    <ClCompile Include="src\game\level_loader.cpp">
      <Filter>Source Files\game</Filter>
    </ClCompile>
  </ItemGroup>
  <ItemGroup>
    <ClInclude Include="src\window.hpp">
      <Filter>Header Files</Filter>
    </ClInclude>
    <ClInclude Include="src\input\keyboard.hpp">
      <Filter>Header Files\input</Filter>
    </ClInclude>
    <ClInclude Include="src\gl\camera.hpp">
      <Filter>Header Files\gl</Filter>
    </ClInclude>
    <ClInclude Include="src\gl\shader.hpp">
      <Filter>Header Files\gl</Filter>
    </ClInclude>
    <ClInclude Include="src\gl\stb_image.h">
      <Filter>Header Files\gl</Filter>
    </ClInclude>
    <ClInclude Include="src\gl\texture.hpp">
      <Filter>Header Files\gl</Filter>
    </ClInclude>
    <ClInclude Include="src\gl\vertex_array.hpp">
      <Filter>Header Files\gl</Filter>
    </ClInclude>
    <ClInclude Include="src\math.hpp">
      <Filter>Header Files</Filter>
    </ClInclude>
    <ClInclude Include="src\game\entity.hpp">
      <Filter>Header Files\game</Filter>
    </ClInclude>
    <ClInclude Include="src\game\level.hpp">
      <Filter>Header Files\game</Filter>
    </ClInclude>
    <ClInclude Include="src\game\tile_data.hpp">
      <Filter>Header Files\game</Filter>
    </ClInclude>
    <ClInclude Include="src\game\mesh.hpp">
      <Filter>Header Files\game</Filter>
    </ClInclude>
    <ClInclude Include="src\game\level_builder.hpp">
      <Filter>Header Files\game</Filter>
    </ClInclude>
    <ClInclude Include="src\game\level_loader.hpp">
      <Filter>Header Files\game</Filter>
    </ClInclude>
  </ItemGroup>
</Project>